
Microsoft Visual Studio Solution File, Format Version 12.00
# Visual Studio 15
VisualStudioVersion = 15.0.28307.329
MinimumVisualStudioVersion = 10.0.40219.1
Project("{FAE04EC0-301F-11D3-BF4B-00C04F79EFBC}") = "SportGround.BusinessLogic", "SportGround.BusinessLogic\SportGround.BusinessLogic.csproj", "{633280D8-BB7A-4CC2-95A9-6AB6F1B1BDEA}"
EndProject
Project("{FAE04EC0-301F-11D3-BF4B-00C04F79EFBC}") = "SportGround.Data", "SportGround.Data\SportGround.Data.csproj", "{BBE55E90-A359-438D-B138-F50E997B9B16}"
EndProject
Project("{FAE04EC0-301F-11D3-BF4B-00C04F79EFBC}") = "SportGround.Web", "SportGround.Web\SportGround.Web.csproj", "{43E1B8D3-4320-4703-957F-7ACDDE857A72}"
EndProject
Project("{FAE04EC0-301F-11D3-BF4B-00C04F79EFBC}") = "SportGround.Core", "SportGround.Core\SportGround.Core.csproj", "{68707FBB-E7FB-4082-8558-4091838575E2}"
EndProject
Global
	GlobalSection(SolutionConfigurationPlatforms) = preSolution
		Debug|Any CPU = Debug|Any CPU
		Release|Any CPU = Release|Any CPU
	EndGlobalSection
	GlobalSection(ProjectConfigurationPlatforms) = postSolution
		{633280D8-BB7A-4CC2-95A9-6AB6F1B1BDEA}.Debug|Any CPU.ActiveCfg = Debug|Any CPU
		{633280D8-BB7A-4CC2-95A9-6AB6F1B1BDEA}.Debug|Any CPU.Build.0 = Debug|Any CPU
		{633280D8-BB7A-4CC2-95A9-6AB6F1B1BDEA}.Release|Any CPU.ActiveCfg = Release|Any CPU
		{633280D8-BB7A-4CC2-95A9-6AB6F1B1BDEA}.Release|Any CPU.Build.0 = Release|Any CPU
		{BBE55E90-A359-438D-B138-F50E997B9B16}.Debug|Any CPU.ActiveCfg = Debug|Any CPU
		{BBE55E90-A359-438D-B138-F50E997B9B16}.Debug|Any CPU.Build.0 = Debug|Any CPU
		{BBE55E90-A359-438D-B138-F50E997B9B16}.Release|Any CPU.ActiveCfg = Release|Any CPU
		{BBE55E90-A359-438D-B138-F50E997B9B16}.Release|Any CPU.Build.0 = Release|Any CPU
		{43E1B8D3-4320-4703-957F-7ACDDE857A72}.Debug|Any CPU.ActiveCfg = Debug|Any CPU
		{43E1B8D3-4320-4703-957F-7ACDDE857A72}.Debug|Any CPU.Build.0 = Debug|Any CPU
		{43E1B8D3-4320-4703-957F-7ACDDE857A72}.Release|Any CPU.ActiveCfg = Release|Any CPU
		{43E1B8D3-4320-4703-957F-7ACDDE857A72}.Release|Any CPU.Build.0 = Release|Any CPU
		{68707FBB-E7FB-4082-8558-4091838575E2}.Debug|Any CPU.ActiveCfg = Debug|Any CPU
		{68707FBB-E7FB-4082-8558-4091838575E2}.Debug|Any CPU.Build.0 = Debug|Any CPU
		{68707FBB-E7FB-4082-8558-4091838575E2}.Release|Any CPU.ActiveCfg = Release|Any CPU
		{68707FBB-E7FB-4082-8558-4091838575E2}.Release|Any CPU.Build.0 = Release|Any CPU
	EndGlobalSection
	GlobalSection(SolutionProperties) = preSolution
		HideSolutionNode = FALSE
	EndGlobalSection
	GlobalSection(ExtensibilityGlobals) = postSolution
		SolutionGuid = {A0B3A302-599E-4231-B7FA-87B11C4F217F}
	EndGlobalSection
EndGlobal
